// !$*UTF8*$!
{
	archiveVersion = 1;
	classes = {
	};
	objectVersion = 48;
	objects = {

/* Begin PBXBuildFile section */
		1064F5E31FFE43D500EA4C6E /* Constants.swift in Sources */ = {isa = PBXBuildFile; fileRef = 1064F5E21FFE43D500EA4C6E /* Constants.swift */; };
		1064F5E51FFE4FA300EA4C6E /* DroppablePin.swift in Sources */ = {isa = PBXBuildFile; fileRef = 1064F5E41FFE4FA300EA4C6E /* DroppablePin.swift */; };
		1064F5E71FFE5A7200EA4C6E /* PhotoCell.swift in Sources */ = {isa = PBXBuildFile; fileRef = 1064F5E61FFE5A7200EA4C6E /* PhotoCell.swift */; };
		10788C0A1FFE323400EAC346 /* AppDelegate.swift in Sources */ = {isa = PBXBuildFile; fileRef = 10788C091FFE323400EAC346 /* AppDelegate.swift */; };
		10788C0C1FFE323400EAC346 /* MapVC.swift in Sources */ = {isa = PBXBuildFile; fileRef = 10788C0B1FFE323400EAC346 /* MapVC.swift */; };
		10788C0F1FFE323400EAC346 /* Main.storyboard in Resources */ = {isa = PBXBuildFile; fileRef = 10788C0D1FFE323400EAC346 /* Main.storyboard */; };
		10788C111FFE323400EAC346 /* Assets.xcassets in Resources */ = {isa = PBXBuildFile; fileRef = 10788C101FFE323400EAC346 /* Assets.xcassets */; };
		10788C141FFE323400EAC346 /* LaunchScreen.storyboard in Resources */ = {isa = PBXBuildFile; fileRef = 10788C121FFE323400EAC346 /* LaunchScreen.storyboard */; };
		10788C1F1FFE323400EAC346 /* PixelCityTests.swift in Sources */ = {isa = PBXBuildFile; fileRef = 10788C1E1FFE323400EAC346 /* PixelCityTests.swift */; };
		10788C2A1FFE323400EAC346 /* PixelCityUITests.swift in Sources */ = {isa = PBXBuildFile; fileRef = 10788C291FFE323400EAC346 /* PixelCityUITests.swift */; };
		19F8A751ED6FB1630CB17958 /* Pods_PixelCityUITests.framework in Frameworks */ = {isa = PBXBuildFile; fileRef = 8C49428A9DF082583E430F79 /* Pods_PixelCityUITests.framework */; };
		480BC9901CD3C40001E02557 /* Pods_PixelCityTests.framework in Frameworks */ = {isa = PBXBuildFile; fileRef = 8A07B9265C7A2EC15263C47C /* Pods_PixelCityTests.framework */; };
		D93EEE40A2AE37DC1B77CCAA /* Pods_PixelCity.framework in Frameworks */ = {isa = PBXBuildFile; fileRef = A7D719E725224CA5C8A37286 /* Pods_PixelCity.framework */; };
/* End PBXBuildFile section */

/* Begin PBXContainerItemProxy section */
		10788C1B1FFE323400EAC346 /* PBXContainerItemProxy */ = {
			isa = PBXContainerItemProxy;
			containerPortal = 10788BFE1FFE323400EAC346 /* Project object */;
			proxyType = 1;
			remoteGlobalIDString = 10788C051FFE323400EAC346;
			remoteInfo = PixelCity;
		};
		10788C261FFE323400EAC346 /* PBXContainerItemProxy */ = {
			isa = PBXContainerItemProxy;
			containerPortal = 10788BFE1FFE323400EAC346 /* Project object */;
			proxyType = 1;
			remoteGlobalIDString = 10788C051FFE323400EAC346;
			remoteInfo = PixelCity;
		};
/* End PBXContainerItemProxy section */

/* Begin PBXFileReference section */
		1064F5E21FFE43D500EA4C6E /* Constants.swift */ = {isa = PBXFileReference; lastKnownFileType = sourcecode.swift; path = Constants.swift; sourceTree = "<group>"; };
		1064F5E41FFE4FA300EA4C6E /* DroppablePin.swift */ = {isa = PBXFileReference; lastKnownFileType = sourcecode.swift; path = DroppablePin.swift; sourceTree = "<group>"; };
		1064F5E61FFE5A7200EA4C6E /* PhotoCell.swift */ = {isa = PBXFileReference; lastKnownFileType = sourcecode.swift; path = PhotoCell.swift; sourceTree = "<group>"; };
		10788C061FFE323400EAC346 /* PixelCity.app */ = {isa = PBXFileReference; explicitFileType = wrapper.application; includeInIndex = 0; path = PixelCity.app; sourceTree = BUILT_PRODUCTS_DIR; };
		10788C091FFE323400EAC346 /* AppDelegate.swift */ = {isa = PBXFileReference; lastKnownFileType = sourcecode.swift; path = AppDelegate.swift; sourceTree = "<group>"; };
		10788C0B1FFE323400EAC346 /* MapVC.swift */ = {isa = PBXFileReference; lastKnownFileType = sourcecode.swift; path = MapVC.swift; sourceTree = "<group>"; };
		10788C0E1FFE323400EAC346 /* Base */ = {isa = PBXFileReference; lastKnownFileType = file.storyboard; name = Base; path = Base.lproj/Main.storyboard; sourceTree = "<group>"; };
		10788C101FFE323400EAC346 /* Assets.xcassets */ = {isa = PBXFileReference; lastKnownFileType = folder.assetcatalog; path = Assets.xcassets; sourceTree = "<group>"; };
		10788C131FFE323400EAC346 /* Base */ = {isa = PBXFileReference; lastKnownFileType = file.storyboard; name = Base; path = Base.lproj/LaunchScreen.storyboard; sourceTree = "<group>"; };
		10788C151FFE323400EAC346 /* Info.plist */ = {isa = PBXFileReference; lastKnownFileType = text.plist.xml; path = Info.plist; sourceTree = "<group>"; };
		10788C1A1FFE323400EAC346 /* PixelCityTests.xctest */ = {isa = PBXFileReference; explicitFileType = wrapper.cfbundle; includeInIndex = 0; path = PixelCityTests.xctest; sourceTree = BUILT_PRODUCTS_DIR; };
		10788C1E1FFE323400EAC346 /* PixelCityTests.swift */ = {isa = PBXFileReference; lastKnownFileType = sourcecode.swift; path = PixelCityTests.swift; sourceTree = "<group>"; };
		10788C201FFE323400EAC346 /* Info.plist */ = {isa = PBXFileReference; lastKnownFileType = text.plist.xml; path = Info.plist; sourceTree = "<group>"; };
		10788C251FFE323400EAC346 /* PixelCityUITests.xctest */ = {isa = PBXFileReference; explicitFileType = wrapper.cfbundle; includeInIndex = 0; path = PixelCityUITests.xctest; sourceTree = BUILT_PRODUCTS_DIR; };
		10788C291FFE323400EAC346 /* PixelCityUITests.swift */ = {isa = PBXFileReference; lastKnownFileType = sourcecode.swift; path = PixelCityUITests.swift; sourceTree = "<group>"; };
		10788C2B1FFE323400EAC346 /* Info.plist */ = {isa = PBXFileReference; lastKnownFileType = text.plist.xml; path = Info.plist; sourceTree = "<group>"; };
		44881CBAD6C3EB17AC4B41CC /* Pods-PixelCityTests.debug.xcconfig */ = {isa = PBXFileReference; includeInIndex = 1; lastKnownFileType = text.xcconfig; name = "Pods-PixelCityTests.debug.xcconfig"; path = "Pods/Target Support Files/Pods-PixelCityTests/Pods-PixelCityTests.debug.xcconfig"; sourceTree = "<group>"; };
		4FBB4E9CF5E2EFE338BC378C /* Pods-PixelCityUITests.release.xcconfig */ = {isa = PBXFileReference; includeInIndex = 1; lastKnownFileType = text.xcconfig; name = "Pods-PixelCityUITests.release.xcconfig"; path = "Pods/Target Support Files/Pods-PixelCityUITests/Pods-PixelCityUITests.release.xcconfig"; sourceTree = "<group>"; };
		4FF133DE44D0C37A5682D518 /* Pods-PixelCityUITests.debug.xcconfig */ = {isa = PBXFileReference; includeInIndex = 1; lastKnownFileType = text.xcconfig; name = "Pods-PixelCityUITests.debug.xcconfig"; path = "Pods/Target Support Files/Pods-PixelCityUITests/Pods-PixelCityUITests.debug.xcconfig"; sourceTree = "<group>"; };
		584B7D825732F8BE740463D2 /* Pods-PixelCity.release.xcconfig */ = {isa = PBXFileReference; includeInIndex = 1; lastKnownFileType = text.xcconfig; name = "Pods-PixelCity.release.xcconfig"; path = "Pods/Target Support Files/Pods-PixelCity/Pods-PixelCity.release.xcconfig"; sourceTree = "<group>"; };
		5AAB80FA1A47575A3D817634 /* Pods-PixelCityTests.release.xcconfig */ = {isa = PBXFileReference; includeInIndex = 1; lastKnownFileType = text.xcconfig; name = "Pods-PixelCityTests.release.xcconfig"; path = "Pods/Target Support Files/Pods-PixelCityTests/Pods-PixelCityTests.release.xcconfig"; sourceTree = "<group>"; };
		8A07B9265C7A2EC15263C47C /* Pods_PixelCityTests.framework */ = {isa = PBXFileReference; explicitFileType = wrapper.framework; includeInIndex = 0; path = Pods_PixelCityTests.framework; sourceTree = BUILT_PRODUCTS_DIR; };
		8C49428A9DF082583E430F79 /* Pods_PixelCityUITests.framework */ = {isa = PBXFileReference; explicitFileType = wrapper.framework; includeInIndex = 0; path = Pods_PixelCityUITests.framework; sourceTree = BUILT_PRODUCTS_DIR; };
		A7D719E725224CA5C8A37286 /* Pods_PixelCity.framework */ = {isa = PBXFileReference; explicitFileType = wrapper.framework; includeInIndex = 0; path = Pods_PixelCity.framework; sourceTree = BUILT_PRODUCTS_DIR; };
		ACCD10F770051A512114549A /* Pods-PixelCity.debug.xcconfig */ = {isa = PBXFileReference; includeInIndex = 1; lastKnownFileType = text.xcconfig; name = "Pods-PixelCity.debug.xcconfig"; path = "Pods/Target Support Files/Pods-PixelCity/Pods-PixelCity.debug.xcconfig"; sourceTree = "<group>"; };
/* End PBXFileReference section */

/* Begin PBXFrameworksBuildPhase section */
		10788C031FFE323400EAC346 /* Frameworks */ = {
			isa = PBXFrameworksBuildPhase;
			buildActionMask = 2147483647;
			files = (
				D93EEE40A2AE37DC1B77CCAA /* Pods_PixelCity.framework in Frameworks */,
			);
			runOnlyForDeploymentPostprocessing = 0;
		};
		10788C171FFE323400EAC346 /* Frameworks */ = {
			isa = PBXFrameworksBuildPhase;
			buildActionMask = 2147483647;
			files = (
				480BC9901CD3C40001E02557 /* Pods_PixelCityTests.framework in Frameworks */,
			);
			runOnlyForDeploymentPostprocessing = 0;
		};
		10788C221FFE323400EAC346 /* Frameworks */ = {
			isa = PBXFrameworksBuildPhase;
			buildActionMask = 2147483647;
			files = (
				19F8A751ED6FB1630CB17958 /* Pods_PixelCityUITests.framework in Frameworks */,
			);
			runOnlyForDeploymentPostprocessing = 0;
		};
/* End PBXFrameworksBuildPhase section */

/* Begin PBXGroup section */
		001FD7DD803F231638D86A7B /* Frameworks */ = {
			isa = PBXGroup;
			children = (
				A7D719E725224CA5C8A37286 /* Pods_PixelCity.framework */,
				8A07B9265C7A2EC15263C47C /* Pods_PixelCityTests.framework */,
				8C49428A9DF082583E430F79 /* Pods_PixelCityUITests.framework */,
			);
			name = Frameworks;
			sourceTree = "<group>";
		};
		10788BFD1FFE323400EAC346 = {
			isa = PBXGroup;
			children = (
				10788C081FFE323400EAC346 /* PixelCity */,
				10788C1D1FFE323400EAC346 /* PixelCityTests */,
				10788C281FFE323400EAC346 /* PixelCityUITests */,
				10788C071FFE323400EAC346 /* Products */,
				F017D5A4CC4638A8AA3CF274 /* Pods */,
				001FD7DD803F231638D86A7B /* Frameworks */,
			);
			sourceTree = "<group>";
		};
		10788C071FFE323400EAC346 /* Products */ = {
			isa = PBXGroup;
			children = (
				10788C061FFE323400EAC346 /* PixelCity.app */,
				10788C1A1FFE323400EAC346 /* PixelCityTests.xctest */,
				10788C251FFE323400EAC346 /* PixelCityUITests.xctest */,
			);
			name = Products;
			sourceTree = "<group>";
		};
		10788C081FFE323400EAC346 /* PixelCity */ = {
			isa = PBXGroup;
			children = (
				10788C3B1FFE330800EAC346 /* Utilities */,
				10788C3A1FFE32FE00EAC346 /* Extensions */,
				10788C371FFE32E000EAC346 /* Model */,
				10788C381FFE32E500EAC346 /* View */,
				10788C391FFE32EA00EAC346 /* Controller */,
				10788C091FFE323400EAC346 /* AppDelegate.swift */,
				10788C0D1FFE323400EAC346 /* Main.storyboard */,
				10788C101FFE323400EAC346 /* Assets.xcassets */,
				10788C121FFE323400EAC346 /* LaunchScreen.storyboard */,
				10788C151FFE323400EAC346 /* Info.plist */,
			);
			path = PixelCity;
			sourceTree = "<group>";
		};
		10788C1D1FFE323400EAC346 /* PixelCityTests */ = {
			isa = PBXGroup;
			children = (
				10788C1E1FFE323400EAC346 /* PixelCityTests.swift */,
				10788C201FFE323400EAC346 /* Info.plist */,
			);
			path = PixelCityTests;
			sourceTree = "<group>";
		};
		10788C281FFE323400EAC346 /* PixelCityUITests */ = {
			isa = PBXGroup;
			children = (
				10788C291FFE323400EAC346 /* PixelCityUITests.swift */,
				10788C2B1FFE323400EAC346 /* Info.plist */,
			);
			path = PixelCityUITests;
			sourceTree = "<group>";
		};
		10788C371FFE32E000EAC346 /* Model */ = {
			isa = PBXGroup;
			children = (
			);
			path = Model;
			sourceTree = "<group>";
		};
		10788C381FFE32E500EAC346 /* View */ = {
			isa = PBXGroup;
			children = (
				1064F5E41FFE4FA300EA4C6E /* DroppablePin.swift */,
				1064F5E61FFE5A7200EA4C6E /* PhotoCell.swift */,
			);
			path = View;
			sourceTree = "<group>";
		};
		10788C391FFE32EA00EAC346 /* Controller */ = {
			isa = PBXGroup;
			children = (
				10788C0B1FFE323400EAC346 /* MapVC.swift */,
			);
			path = Controller;
			sourceTree = "<group>";
		};
		10788C3A1FFE32FE00EAC346 /* Extensions */ = {
			isa = PBXGroup;
			children = (
			);
			path = Extensions;
			sourceTree = "<group>";
		};
		10788C3B1FFE330800EAC346 /* Utilities */ = {
			isa = PBXGroup;
			children = (
				1064F5E21FFE43D500EA4C6E /* Constants.swift */,
			);
			path = Utilities;
			sourceTree = "<group>";
		};
		F017D5A4CC4638A8AA3CF274 /* Pods */ = {
			isa = PBXGroup;
			children = (
				ACCD10F770051A512114549A /* Pods-PixelCity.debug.xcconfig */,
				584B7D825732F8BE740463D2 /* Pods-PixelCity.release.xcconfig */,
				44881CBAD6C3EB17AC4B41CC /* Pods-PixelCityTests.debug.xcconfig */,
				5AAB80FA1A47575A3D817634 /* Pods-PixelCityTests.release.xcconfig */,
				4FF133DE44D0C37A5682D518 /* Pods-PixelCityUITests.debug.xcconfig */,
				4FBB4E9CF5E2EFE338BC378C /* Pods-PixelCityUITests.release.xcconfig */,
			);
			name = Pods;
			sourceTree = "<group>";
		};
/* End PBXGroup section */

/* Begin PBXNativeTarget section */
		10788C051FFE323400EAC346 /* PixelCity */ = {
			isa = PBXNativeTarget;
			buildConfigurationList = 10788C2E1FFE323400EAC346 /* Build configuration list for PBXNativeTarget "PixelCity" */;
			buildPhases = (
				E018E443ACA50346D5B9C7FB /* [CP] Check Pods Manifest.lock */,
				10788C021FFE323400EAC346 /* Sources */,
				10788C031FFE323400EAC346 /* Frameworks */,
				10788C041FFE323400EAC346 /* Resources */,
				45095F109E05395D490260C0 /* [CP] Embed Pods Frameworks */,
				B35D5776FF9516F5A0308FF1 /* [CP] Copy Pods Resources */,
			);
			buildRules = (
			);
			dependencies = (
			);
			name = PixelCity;
			productName = PixelCity;
			productReference = 10788C061FFE323400EAC346 /* PixelCity.app */;
			productType = "com.apple.product-type.application";
		};
		10788C191FFE323400EAC346 /* PixelCityTests */ = {
			isa = PBXNativeTarget;
			buildConfigurationList = 10788C311FFE323400EAC346 /* Build configuration list for PBXNativeTarget "PixelCityTests" */;
			buildPhases = (
				39F803C5774250920ABF53F7 /* [CP] Check Pods Manifest.lock */,
				10788C161FFE323400EAC346 /* Sources */,
				10788C171FFE323400EAC346 /* Frameworks */,
				10788C181FFE323400EAC346 /* Resources */,
				5CC58B559B14C4E295C7CF08 /* [CP] Embed Pods Frameworks */,
				9904F065B590CA9ACC057679 /* [CP] Copy Pods Resources */,
			);
			buildRules = (
			);
			dependencies = (
				10788C1C1FFE323400EAC346 /* PBXTargetDependency */,
			);
			name = PixelCityTests;
			productName = PixelCityTests;
			productReference = 10788C1A1FFE323400EAC346 /* PixelCityTests.xctest */;
			productType = "com.apple.product-type.bundle.unit-test";
		};
		10788C241FFE323400EAC346 /* PixelCityUITests */ = {
			isa = PBXNativeTarget;
			buildConfigurationList = 10788C341FFE323400EAC346 /* Build configuration list for PBXNativeTarget "PixelCityUITests" */;
			buildPhases = (
				C5A614F97DC7CCEEDDE20B06 /* [CP] Check Pods Manifest.lock */,
				10788C211FFE323400EAC346 /* Sources */,
				10788C221FFE323400EAC346 /* Frameworks */,
				10788C231FFE323400EAC346 /* Resources */,
				C62684E9AC5E8B9C7E34B47C /* [CP] Embed Pods Frameworks */,
				E22F7A5F8567CF74119374E0 /* [CP] Copy Pods Resources */,
			);
			buildRules = (
			);
			dependencies = (
				10788C271FFE323400EAC346 /* PBXTargetDependency */,
			);
			name = PixelCityUITests;
			productName = PixelCityUITests;
			productReference = 10788C251FFE323400EAC346 /* PixelCityUITests.xctest */;
			productType = "com.apple.product-type.bundle.ui-testing";
		};
/* End PBXNativeTarget section */

/* Begin PBXProject section */
		10788BFE1FFE323400EAC346 /* Project object */ = {
			isa = PBXProject;
			attributes = {
				LastSwiftUpdateCheck = 0920;
				LastUpgradeCheck = 0920;
				ORGANIZATIONNAME = "Hayden Jamieson";
				TargetAttributes = {
					10788C051FFE323400EAC346 = {
						CreatedOnToolsVersion = 9.2;
						ProvisioningStyle = Automatic;
					};
					10788C191FFE323400EAC346 = {
						CreatedOnToolsVersion = 9.2;
						ProvisioningStyle = Automatic;
						TestTargetID = 10788C051FFE323400EAC346;
					};
					10788C241FFE323400EAC346 = {
						CreatedOnToolsVersion = 9.2;
						ProvisioningStyle = Automatic;
						TestTargetID = 10788C051FFE323400EAC346;
					};
				};
			};
			buildConfigurationList = 10788C011FFE323400EAC346 /* Build configuration list for PBXProject "PixelCity" */;
			compatibilityVersion = "Xcode 8.0";
			developmentRegion = en;
			hasScannedForEncodings = 0;
			knownRegions = (
				en,
				Base,
			);
			mainGroup = 10788BFD1FFE323400EAC346;
			productRefGroup = 10788C071FFE323400EAC346 /* Products */;
			projectDirPath = "";
			projectRoot = "";
			targets = (
				10788C051FFE323400EAC346 /* PixelCity */,
				10788C191FFE323400EAC346 /* PixelCityTests */,
				10788C241FFE323400EAC346 /* PixelCityUITests */,
			);
		};
/* End PBXProject section */

/* Begin PBXResourcesBuildPhase section */
		10788C041FFE323400EAC346 /* Resources */ = {
			isa = PBXResourcesBuildPhase;
			buildActionMask = 2147483647;
			files = (
				10788C141FFE323400EAC346 /* LaunchScreen.storyboard in Resources */,
				10788C111FFE323400EAC346 /* Assets.xcassets in Resources */,
				10788C0F1FFE323400EAC346 /* Main.storyboard in Resources */,
			);
			runOnlyForDeploymentPostprocessing = 0;
		};
		10788C181FFE323400EAC346 /* Resources */ = {
			isa = PBXResourcesBuildPhase;
			buildActionMask = 2147483647;
			files = (
			);
			runOnlyForDeploymentPostprocessing = 0;
		};
		10788C231FFE323400EAC346 /* Resources */ = {
			isa = PBXResourcesBuildPhase;
			buildActionMask = 2147483647;
			files = (
			);
			runOnlyForDeploymentPostprocessing = 0;
		};
/* End PBXResourcesBuildPhase section */

/* Begin PBXShellScriptBuildPhase section */
		39F803C5774250920ABF53F7 /* [CP] Check Pods Manifest.lock */ = {
			isa = PBXShellScriptBuildPhase;
			buildActionMask = 2147483647;
			files = (
			);
			inputPaths = (
				"${PODS_PODFILE_DIR_PATH}/Podfile.lock",
				"${PODS_ROOT}/Manifest.lock",
			);
			name = "[CP] Check Pods Manifest.lock";
			outputPaths = (
				"$(DERIVED_FILE_DIR)/Pods-PixelCityTests-checkManifestLockResult.txt",
			);
			runOnlyForDeploymentPostprocessing = 0;
			shellPath = /bin/sh;
			shellScript = "diff \"${PODS_PODFILE_DIR_PATH}/Podfile.lock\" \"${PODS_ROOT}/Manifest.lock\" > /dev/null\nif [ $? != 0 ] ; then\n    # print error to STDERR\n    echo \"error: The sandbox is not in sync with the Podfile.lock. Run 'pod install' or update your CocoaPods installation.\" >&2\n    exit 1\nfi\n# This output is used by Xcode 'outputs' to avoid re-running this script phase.\necho \"SUCCESS\" > \"${SCRIPT_OUTPUT_FILE_0}\"\n";
			showEnvVarsInLog = 0;
		};
		45095F109E05395D490260C0 /* [CP] Embed Pods Frameworks */ = {
			isa = PBXShellScriptBuildPhase;
			buildActionMask = 2147483647;
			files = (
			);
			inputPaths = (
				"${SRCROOT}/Pods/Target Support Files/Pods-PixelCity/Pods-PixelCity-frameworks.sh",
				"${BUILT_PRODUCTS_DIR}/Alamofire/Alamofire.framework",
				"${BUILT_PRODUCTS_DIR}/AlamofireImage/AlamofireImage.framework",
			);
			name = "[CP] Embed Pods Frameworks";
			outputPaths = (
				"${TARGET_BUILD_DIR}/${FRAMEWORKS_FOLDER_PATH}/Alamofire.framework",
				"${TARGET_BUILD_DIR}/${FRAMEWORKS_FOLDER_PATH}/AlamofireImage.framework",
			);
			runOnlyForDeploymentPostprocessing = 0;
			shellPath = /bin/sh;
			shellScript = "\"${SRCROOT}/Pods/Target Support Files/Pods-PixelCity/Pods-PixelCity-frameworks.sh\"\n";
			showEnvVarsInLog = 0;
		};
		5CC58B559B14C4E295C7CF08 /* [CP] Embed Pods Frameworks */ = {
			isa = PBXShellScriptBuildPhase;
			buildActionMask = 2147483647;
			files = (
			);
			inputPaths = (
			);
			name = "[CP] Embed Pods Frameworks";
			outputPaths = (
			);
			runOnlyForDeploymentPostprocessing = 0;
			shellPath = /bin/sh;
			shellScript = "\"${SRCROOT}/Pods/Target Support Files/Pods-PixelCityTests/Pods-PixelCityTests-frameworks.sh\"\n";
			showEnvVarsInLog = 0;
		};
		9904F065B590CA9ACC057679 /* [CP] Copy Pods Resources */ = {
			isa = PBXShellScriptBuildPhase;
			buildActionMask = 2147483647;
			files = (
			);
			inputPaths = (
			);
			name = "[CP] Copy Pods Resources";
			outputPaths = (
			);
			runOnlyForDeploymentPostprocessing = 0;
			shellPath = /bin/sh;
			shellScript = "\"${SRCROOT}/Pods/Target Support Files/Pods-PixelCityTests/Pods-PixelCityTests-resources.sh\"\n";
			showEnvVarsInLog = 0;
		};
		B35D5776FF9516F5A0308FF1 /* [CP] Copy Pods Resources */ = {
			isa = PBXShellScriptBuildPhase;
			buildActionMask = 2147483647;
			files = (
			);
			inputPaths = (
			);
			name = "[CP] Copy Pods Resources";
			outputPaths = (
			);
			runOnlyForDeploymentPostprocessing = 0;
			shellPath = /bin/sh;
			shellScript = "\"${SRCROOT}/Pods/Target Support Files/Pods-PixelCity/Pods-PixelCity-resources.sh\"\n";
			showEnvVarsInLog = 0;
		};
		C5A614F97DC7CCEEDDE20B06 /* [CP] Check Pods Manifest.lock */ = {
			isa = PBXShellScriptBuildPhase;
			buildActionMask = 2147483647;
			files = (
			);
			inputPaths = (
				"${PODS_PODFILE_DIR_PATH}/Podfile.lock",
				"${PODS_ROOT}/Manifest.lock",
			);
			name = "[CP] Check Pods Manifest.lock";
			outputPaths = (
				"$(DERIVED_FILE_DIR)/Pods-PixelCityUITests-checkManifestLockResult.txt",
			);
			runOnlyForDeploymentPostprocessing = 0;
			shellPath = /bin/sh;
			shellScript = "diff \"${PODS_PODFILE_DIR_PATH}/Podfile.lock\" \"${PODS_ROOT}/Manifest.lock\" > /dev/null\nif [ $? != 0 ] ; then\n    # print error to STDERR\n    echo \"error: The sandbox is not in sync with the Podfile.lock. Run 'pod install' or update your CocoaPods installation.\" >&2\n    exit 1\nfi\n# This output is used by Xcode 'outputs' to avoid re-running this script phase.\necho \"SUCCESS\" > \"${SCRIPT_OUTPUT_FILE_0}\"\n";
			showEnvVarsInLog = 0;
		};
		C62684E9AC5E8B9C7E34B47C /* [CP] Embed Pods Frameworks */ = {
			isa = PBXShellScriptBuildPhase;
			buildActionMask = 2147483647;
			files = (
			);
			inputPaths = (
			);
			name = "[CP] Embed Pods Frameworks";
			outputPaths = (
			);
			runOnlyForDeploymentPostprocessing = 0;
			shellPath = /bin/sh;
			shellScript = "\"${SRCROOT}/Pods/Target Support Files/Pods-PixelCityUITests/Pods-PixelCityUITests-frameworks.sh\"\n";
			showEnvVarsInLog = 0;
		};
		E018E443ACA50346D5B9C7FB /* [CP] Check Pods Manifest.lock */ = {
			isa = PBXShellScriptBuildPhase;
			buildActionMask = 2147483647;
			files = (
			);
			inputPaths = (
				"${PODS_PODFILE_DIR_PATH}/Podfile.lock",
				"${PODS_ROOT}/Manifest.lock",
			);
			name = "[CP] Check Pods Manifest.lock";
			outputPaths = (
				"$(DERIVED_FILE_DIR)/Pods-PixelCity-checkManifestLockResult.txt",
			);
			runOnlyForDeploymentPostprocessing = 0;
			shellPath = /bin/sh;
			shellScript = "diff \"${PODS_PODFILE_DIR_PATH}/Podfile.lock\" \"${PODS_ROOT}/Manifest.lock\" > /dev/null\nif [ $? != 0 ] ; then\n    # print error to STDERR\n    echo \"error: The sandbox is not in sync with the Podfile.lock. Run 'pod install' or update your CocoaPods installation.\" >&2\n    exit 1\nfi\n# This output is used by Xcode 'outputs' to avoid re-running this script phase.\necho \"SUCCESS\" > \"${SCRIPT_OUTPUT_FILE_0}\"\n";
			showEnvVarsInLog = 0;
		};
		E22F7A5F8567CF74119374E0 /* [CP] Copy Pods Resources */ = {
			isa = PBXShellScriptBuildPhase;
			buildActionMask = 2147483647;
			files = (
			);
			inputPaths = (
			);
			name = "[CP] Copy Pods Resources";
			outputPaths = (
			);
			runOnlyForDeploymentPostprocessing = 0;
			shellPath = /bin/sh;
			shellScript = "\"${SRCROOT}/Pods/Target Support Files/Pods-PixelCityUITests/Pods-PixelCityUITests-resources.sh\"\n";
			showEnvVarsInLog = 0;
		};
/* End PBXShellScriptBuildPhase section */

/* Begin PBXSourcesBuildPhase section */
		10788C021FFE323400EAC346 /* Sources */ = {
			isa = PBXSourcesBuildPhase;
			buildActionMask = 2147483647;
			files = (
				10788C0C1FFE323400EAC346 /* MapVC.swift in Sources */,
				1064F5E71FFE5A7200EA4C6E /* PhotoCell.swift in Sources */,
				1064F5E51FFE4FA300EA4C6E /* DroppablePin.swift in Sources */,
				10788C0A1FFE323400EAC346 /* AppDelegate.swift in Sources */,
				1064F5E31FFE43D500EA4C6E /* Constants.swift in Sources */,
			);
			runOnlyForDeploymentPostprocessing = 0;
		};
		10788C161FFE323400EAC346 /* Sources */ = {
			isa = PBXSourcesBuildPhase;
			buildActionMask = 2147483647;
			files = (
				10788C1F1FFE323400EAC346 /* PixelCityTests.swift in Sources */,
			);
			runOnlyForDeploymentPostprocessing = 0;
		};
		10788C211FFE323400EAC346 /* Sources */ = {
			isa = PBXSourcesBuildPhase;
			buildActionMask = 2147483647;
			files = (
				10788C2A1FFE323400EAC346 /* PixelCityUITests.swift in Sources */,
			);
			runOnlyForDeploymentPostprocessing = 0;
		};
/* End PBXSourcesBuildPhase section */

/* Begin PBXTargetDependency section */
		10788C1C1FFE323400EAC346 /* PBXTargetDependency */ = {
			isa = PBXTargetDependency;
			target = 10788C051FFE323400EAC346 /* PixelCity */;
			targetProxy = 10788C1B1FFE323400EAC346 /* PBXContainerItemProxy */;
		};
		10788C271FFE323400EAC346 /* PBXTargetDependency */ = {
			isa = PBXTargetDependency;
			target = 10788C051FFE323400EAC346 /* PixelCity */;
			targetProxy = 10788C261FFE323400EAC346 /* PBXContainerItemProxy */;
		};
/* End PBXTargetDependency section */

/* Begin PBXVariantGroup section */
		10788C0D1FFE323400EAC346 /* Main.storyboard */ = {
			isa = PBXVariantGroup;
			children = (
				10788C0E1FFE323400EAC346 /* Base */,
			);
			name = Main.storyboard;
			sourceTree = "<group>";
		};
		10788C121FFE323400EAC346 /* LaunchScreen.storyboard */ = {
			isa = PBXVariantGroup;
			children = (
				10788C131FFE323400EAC346 /* Base */,
			);
			name = LaunchScreen.storyboard;
			sourceTree = "<group>";
		};
/* End PBXVariantGroup section */

/* Begin XCBuildConfiguration section */
		10788C2C1FFE323400EAC346 /* Debug */ = {
			isa = XCBuildConfiguration;
			buildSettings = {
				ALWAYS_SEARCH_USER_PATHS = NO;
				CLANG_ANALYZER_NONNULL = YES;
				CLANG_ANALYZER_NUMBER_OBJECT_CONVERSION = YES_AGGRESSIVE;
				CLANG_CXX_LANGUAGE_STANDARD = "gnu++14";
				CLANG_CXX_LIBRARY = "libc++";
				CLANG_ENABLE_MODULES = YES;
				CLANG_ENABLE_OBJC_ARC = YES;
				CLANG_WARN_BLOCK_CAPTURE_AUTORELEASING = YES;
				CLANG_WARN_BOOL_CONVERSION = YES;
				CLANG_WARN_COMMA = YES;
				CLANG_WARN_CONSTANT_CONVERSION = YES;
				CLANG_WARN_DIRECT_OBJC_ISA_USAGE = YES_ERROR;
				CLANG_WARN_DOCUMENTATION_COMMENTS = YES;
				CLANG_WARN_EMPTY_BODY = YES;
				CLANG_WARN_ENUM_CONVERSION = YES;
				CLANG_WARN_INFINITE_RECURSION = YES;
				CLANG_WARN_INT_CONVERSION = YES;
				CLANG_WARN_NON_LITERAL_NULL_CONVERSION = YES;
				CLANG_WARN_OBJC_LITERAL_CONVERSION = YES;
				CLANG_WARN_OBJC_ROOT_CLASS = YES_ERROR;
				CLANG_WARN_RANGE_LOOP_ANALYSIS = YES;
				CLANG_WARN_STRICT_PROTOTYPES = YES;
				CLANG_WARN_SUSPICIOUS_MOVE = YES;
				CLANG_WARN_UNGUARDED_AVAILABILITY = YES_AGGRESSIVE;
				CLANG_WARN_UNREACHABLE_CODE = YES;
				CLANG_WARN__DUPLICATE_METHOD_MATCH = YES;
				CODE_SIGN_IDENTITY = "iPhone Developer";
				COPY_PHASE_STRIP = NO;
				DEBUG_INFORMATION_FORMAT = dwarf;
				ENABLE_STRICT_OBJC_MSGSEND = YES;
				ENABLE_TESTABILITY = YES;
				GCC_C_LANGUAGE_STANDARD = gnu11;
				GCC_DYNAMIC_NO_PIC = NO;
				GCC_NO_COMMON_BLOCKS = YES;
				GCC_OPTIMIZATION_LEVEL = 0;
				GCC_PREPROCESSOR_DEFINITIONS = (
					"DEBUG=1",
					"$(inherited)",
				);
				GCC_WARN_64_TO_32_BIT_CONVERSION = YES;
				GCC_WARN_ABOUT_RETURN_TYPE = YES_ERROR;
				GCC_WARN_UNDECLARED_SELECTOR = YES;
				GCC_WARN_UNINITIALIZED_AUTOS = YES_AGGRESSIVE;
				GCC_WARN_UNUSED_FUNCTION = YES;
				GCC_WARN_UNUSED_VARIABLE = YES;
				IPHONEOS_DEPLOYMENT_TARGET = 11.2;
				MTL_ENABLE_DEBUG_INFO = YES;
				ONLY_ACTIVE_ARCH = YES;
				SDKROOT = iphoneos;
				SWIFT_ACTIVE_COMPILATION_CONDITIONS = DEBUG;
				SWIFT_OPTIMIZATION_LEVEL = "-Onone";
			};
			name = Debug;
		};
		10788C2D1FFE323400EAC346 /* Release */ = {
			isa = XCBuildConfiguration;
			buildSettings = {
				ALWAYS_SEARCH_USER_PATHS = NO;
				CLANG_ANALYZER_NONNULL = YES;
				CLANG_ANALYZER_NUMBER_OBJECT_CONVERSION = YES_AGGRESSIVE;
				CLANG_CXX_LANGUAGE_STANDARD = "gnu++14";
				CLANG_CXX_LIBRARY = "libc++";
				CLANG_ENABLE_MODULES = YES;
				CLANG_ENABLE_OBJC_ARC = YES;
				CLANG_WARN_BLOCK_CAPTURE_AUTORELEASING = YES;
				CLANG_WARN_BOOL_CONVERSION = YES;
				CLANG_WARN_COMMA = YES;
				CLANG_WARN_CONSTANT_CONVERSION = YES;
				CLANG_WARN_DIRECT_OBJC_ISA_USAGE = YES_ERROR;
				CLANG_WARN_DOCUMENTATION_COMMENTS = YES;
				CLANG_WARN_EMPTY_BODY = YES;
				CLANG_WARN_ENUM_CONVERSION = YES;
				CLANG_WARN_INFINITE_RECURSION = YES;
				CLANG_WARN_INT_CONVERSION = YES;
				CLANG_WARN_NON_LITERAL_NULL_CONVERSION = YES;
				CLANG_WARN_OBJC_LITERAL_CONVERSION = YES;
				CLANG_WARN_OBJC_ROOT_CLASS = YES_ERROR;
				CLANG_WARN_RANGE_LOOP_ANALYSIS = YES;
				CLANG_WARN_STRICT_PROTOTYPES = YES;
				CLANG_WARN_SUSPICIOUS_MOVE = YES;
				CLANG_WARN_UNGUARDED_AVAILABILITY = YES_AGGRESSIVE;
				CLANG_WARN_UNREACHABLE_CODE = YES;
				CLANG_WARN__DUPLICATE_METHOD_MATCH = YES;
				CODE_SIGN_IDENTITY = "iPhone Developer";
				COPY_PHASE_STRIP = NO;
				DEBUG_INFORMATION_FORMAT = "dwarf-with-dsym";
				ENABLE_NS_ASSERTIONS = NO;
				ENABLE_STRICT_OBJC_MSGSEND = YES;
				GCC_C_LANGUAGE_STANDARD = gnu11;
				GCC_NO_COMMON_BLOCKS = YES;
				GCC_WARN_64_TO_32_BIT_CONVERSION = YES;
				GCC_WARN_ABOUT_RETURN_TYPE = YES_ERROR;
				GCC_WARN_UNDECLARED_SELECTOR = YES;
				GCC_WARN_UNINITIALIZED_AUTOS = YES_AGGRESSIVE;
				GCC_WARN_UNUSED_FUNCTION = YES;
				GCC_WARN_UNUSED_VARIABLE = YES;
				IPHONEOS_DEPLOYMENT_TARGET = 11.2;
				MTL_ENABLE_DEBUG_INFO = NO;
				SDKROOT = iphoneos;
				SWIFT_OPTIMIZATION_LEVEL = "-Owholemodule";
				VALIDATE_PRODUCT = YES;
			};
			name = Release;
		};
		10788C2F1FFE323400EAC346 /* Debug */ = {
			isa = XCBuildConfiguration;
			baseConfigurationReference = ACCD10F770051A512114549A /* Pods-PixelCity.debug.xcconfig */;
			buildSettings = {
				ASSETCATALOG_COMPILER_APPICON_NAME = AppIcon;
				CODE_SIGN_STYLE = Automatic;
				DEVELOPMENT_TEAM = M42D57N49Z;
				INFOPLIST_FILE = PixelCity/Info.plist;
				LD_RUNPATH_SEARCH_PATHS = "$(inherited) @executable_path/Frameworks";
				PRODUCT_BUNDLE_IDENTIFIER = com.HaydenJamieson.PixelCity;
				PRODUCT_NAME = "$(TARGET_NAME)";
				SWIFT_VERSION = 4.0;
				TARGETED_DEVICE_FAMILY = "1,2";
			};
			name = Debug;
		};
		10788C301FFE323400EAC346 /* Release */ = {
			isa = XCBuildConfiguration;
			baseConfigurationReference = 584B7D825732F8BE740463D2 /* Pods-PixelCity.release.xcconfig */;
			buildSettings = {
				ASSETCATALOG_COMPILER_APPICON_NAME = AppIcon;
				CODE_SIGN_STYLE = Automatic;
				DEVELOPMENT_TEAM = M42D57N49Z;
				INFOPLIST_FILE = PixelCity/Info.plist;
				LD_RUNPATH_SEARCH_PATHS = "$(inherited) @executable_path/Frameworks";
				PRODUCT_BUNDLE_IDENTIFIER = com.HaydenJamieson.PixelCity;
				PRODUCT_NAME = "$(TARGET_NAME)";
				SWIFT_VERSION = 4.0;
				TARGETED_DEVICE_FAMILY = "1,2";
			};
			name = Release;
		};
		10788C321FFE323400EAC346 /* Debug */ = {
			isa = XCBuildConfiguration;
			baseConfigurationReference = 44881CBAD6C3EB17AC4B41CC /* Pods-PixelCityTests.debug.xcconfig */;
			buildSettings = {
				ALWAYS_EMBED_SWIFT_STANDARD_LIBRARIES = YES;
				BUNDLE_LOADER = "$(TEST_HOST)";
				CODE_SIGN_STYLE = Automatic;
				DEVELOPMENT_TEAM = M42D57N49Z;
				INFOPLIST_FILE = PixelCityTests/Info.plist;
				LD_RUNPATH_SEARCH_PATHS = "$(inherited) @executable_path/Frameworks @loader_path/Frameworks";
				PRODUCT_BUNDLE_IDENTIFIER = com.HaydenJamieson.PixelCityTests;
				PRODUCT_NAME = "$(TARGET_NAME)";
				SWIFT_VERSION = 4.0;
				TARGETED_DEVICE_FAMILY = "1,2";
				TEST_HOST = "$(BUILT_PRODUCTS_DIR)/PixelCity.app/PixelCity";
			};
			name = Debug;
		};
		10788C331FFE323400EAC346 /* Release */ = {
			isa = XCBuildConfiguration;
			baseConfigurationReference = 5AAB80FA1A47575A3D817634 /* Pods-PixelCityTests.release.xcconfig */;
			buildSettings = {
				ALWAYS_EMBED_SWIFT_STANDARD_LIBRARIES = YES;
				BUNDLE_LOADER = "$(TEST_HOST)";
				CODE_SIGN_STYLE = Automatic;
				DEVELOPMENT_TEAM = M42D57N49Z;
				INFOPLIST_FILE = PixelCityTests/Info.plist;
				LD_RUNPATH_SEARCH_PATHS = "$(inherited) @executable_path/Frameworks @loader_path/Frameworks";
				PRODUCT_BUNDLE_IDENTIFIER = com.HaydenJamieson.PixelCityTests;
				PRODUCT_NAME = "$(TARGET_NAME)";
				SWIFT_VERSION = 4.0;
				TARGETED_DEVICE_FAMILY = "1,2";
				TEST_HOST = "$(BUILT_PRODUCTS_DIR)/PixelCity.app/PixelCity";
			};
			name = Release;
		};
		10788C351FFE323400EAC346 /* Debug */ = {
			isa = XCBuildConfiguration;
			baseConfigurationReference = 4FF133DE44D0C37A5682D518 /* Pods-PixelCityUITests.debug.xcconfig */;
			buildSettings = {
				ALWAYS_EMBED_SWIFT_STANDARD_LIBRARIES = YES;
				CODE_SIGN_STYLE = Automatic;
				DEVELOPMENT_TEAM = M42D57N49Z;
				INFOPLIST_FILE = PixelCityUITests/Info.plist;
				LD_RUNPATH_SEARCH_PATHS = "$(inherited) @executable_path/Frameworks @loader_path/Frameworks";
				PRODUCT_BUNDLE_IDENTIFIER = com.HaydenJamieson.PixelCityUITests;
				PRODUCT_NAME = "$(TARGET_NAME)";
				SWIFT_VERSION = 4.0;
				TARGETED_DEVICE_FAMILY = "1,2";
				TEST_TARGET_NAME = PixelCity;
			};
			name = Debug;
		};
		10788C361FFE323400EAC346 /* Release */ = {
			isa = XCBuildConfiguration;
			baseConfigurationReference = 4FBB4E9CF5E2EFE338BC378C /* Pods-PixelCityUITests.release.xcconfig */;
			buildSettings = {
				ALWAYS_EMBED_SWIFT_STANDARD_LIBRARIES = YES;
				CODE_SIGN_STYLE = Automatic;
				DEVELOPMENT_TEAM = M42D57N49Z;
				INFOPLIST_FILE = PixelCityUITests/Info.plist;
				LD_RUNPATH_SEARCH_PATHS = "$(inherited) @executable_path/Frameworks @loader_path/Frameworks";
				PRODUCT_BUNDLE_IDENTIFIER = com.HaydenJamieson.PixelCityUITests;
				PRODUCT_NAME = "$(TARGET_NAME)";
				SWIFT_VERSION = 4.0;
				TARGETED_DEVICE_FAMILY = "1,2";
				TEST_TARGET_NAME = PixelCity;
			};
			name = Release;
		};
/* End XCBuildConfiguration section */

/* Begin XCConfigurationList section */
		10788C011FFE323400EAC346 /* Build configuration list for PBXProject "PixelCity" */ = {
			isa = XCConfigurationList;
			buildConfigurations = (
				10788C2C1FFE323400EAC346 /* Debug */,
				10788C2D1FFE323400EAC346 /* Release */,
			);
			defaultConfigurationIsVisible = 0;
			defaultConfigurationName = Release;
		};
		10788C2E1FFE323400EAC346 /* Build configuration list for PBXNativeTarget "PixelCity" */ = {
			isa = XCConfigurationList;
			buildConfigurations = (
				10788C2F1FFE323400EAC346 /* Debug */,
				10788C301FFE323400EAC346 /* Release */,
			);
			defaultConfigurationIsVisible = 0;
			defaultConfigurationName = Release;
		};
		10788C311FFE323400EAC346 /* Build configuration list for PBXNativeTarget "PixelCityTests" */ = {
			isa = XCConfigurationList;
			buildConfigurations = (
				10788C321FFE323400EAC346 /* Debug */,
				10788C331FFE323400EAC346 /* Release */,
			);
			defaultConfigurationIsVisible = 0;
			defaultConfigurationName = Release;
		};
		10788C341FFE323400EAC346 /* Build configuration list for PBXNativeTarget "PixelCityUITests" */ = {
			isa = XCConfigurationList;
			buildConfigurations = (
				10788C351FFE323400EAC346 /* Debug */,
				10788C361FFE323400EAC346 /* Release */,
			);
			defaultConfigurationIsVisible = 0;
			defaultConfigurationName = Release;
		};
/* End XCConfigurationList section */
	};
	rootObject = 10788BFE1FFE323400EAC346 /* Project object */;
}
